
Microsoft Visual Studio Solution File, Format Version 12.00
# Visual Studio Version 17
VisualStudioVersion = 17.13.35825.156 d17.13
MinimumVisualStudioVersion = 10.0.40219.1
Project("{FAE04EC0-301F-11D3-BF4B-00C04F79EFBC}") = "Loops_Harjo_Ryan", "Loops_Harjo_Ryan.csproj", "{29D87560-A1BF-4761-80F3-FE0FFB5E4470}"
EndProject
Global
	GlobalSection(SolutionConfigurationPlatforms) = preSolution
		Debug|Any CPU = Debug|Any CPU
		Release|Any CPU = Release|Any CPU
	EndGlobalSection
	GlobalSection(ProjectConfigurationPlatforms) = postSolution
		{29D87560-A1BF-4761-80F3-FE0FFB5E4470}.Debug|Any CPU.ActiveCfg = Debug|Any CPU
		{29D87560-A1BF-4761-80F3-FE0FFB5E4470}.Debug|Any CPU.Build.0 = Debug|Any CPU
		{29D87560-A1BF-4761-80F3-FE0FFB5E4470}.Release|Any CPU.ActiveCfg = Release|Any CPU
		{29D87560-A1BF-4761-80F3-FE0FFB5E4470}.Release|Any CPU.Build.0 = Release|Any CPU
	EndGlobalSection
	GlobalSection(SolutionProperties) = preSolution
		HideSolutionNode = FALSE
	EndGlobalSection
	GlobalSection(ExtensibilityGlobals) = postSolution
		SolutionGuid = {6E5973FB-1511-47DF-BD18-A8BFF10F83AB}
	EndGlobalSection
EndGlobal
